// !$*UTF8*$!
{
	archiveVersion = 1;
	classes = {
	};
	objectVersion = 52;
	objects = {

/* Begin PBXBuildFile section */
		C8F2D737259D5A6A0000FE60 /* AppDelegate.swift in Sources */ = {isa = PBXBuildFile; fileRef = C8F2D736259D5A6A0000FE60 /* AppDelegate.swift */; };
		C8F2D739259D5A6A0000FE60 /* ContentView.swift in Sources */ = {isa = PBXBuildFile; fileRef = C8F2D738259D5A6A0000FE60 /* ContentView.swift */; };
		C8F2D73B259D5A6D0000FE60 /* Assets.xcassets in Resources */ = {isa = PBXBuildFile; fileRef = C8F2D73A259D5A6D0000FE60 /* Assets.xcassets */; };
		C8F2D73E259D5A6D0000FE60 /* Preview Assets.xcassets in Resources */ = {isa = PBXBuildFile; fileRef = C8F2D73D259D5A6D0000FE60 /* Preview Assets.xcassets */; };
		C8F2D741259D5A6D0000FE60 /* Main.storyboard in Resources */ = {isa = PBXBuildFile; fileRef = C8F2D73F259D5A6D0000FE60 /* Main.storyboard */; };
		C8F2D74D259D5A6D0000FE60 /* ApkViewerTests.swift in Sources */ = {isa = PBXBuildFile; fileRef = C8F2D74C259D5A6D0000FE60 /* ApkViewerTests.swift */; };
		C8F2D758259D5A6D0000FE60 /* ApkViewerUITests.swift in Sources */ = {isa = PBXBuildFile; fileRef = C8F2D757259D5A6D0000FE60 /* ApkViewerUITests.swift */; };
		C8F2D7A4259E3B8B0000FE60 /* ApkParser in Frameworks */ = {isa = PBXBuildFile; productRef = C8F2D7A3259E3B8B0000FE60 /* ApkParser */; };
		C8F2D7BD25A0010A0000FE60 /* Quartz.framework in Frameworks */ = {isa = PBXBuildFile; fileRef = C8F2D7BC25A0010A0000FE60 /* Quartz.framework */; };
		C8F2D7C025A0010A0000FE60 /* PreviewViewController.swift in Sources */ = {isa = PBXBuildFile; fileRef = C8F2D7BF25A0010A0000FE60 /* PreviewViewController.swift */; };
		C8F2D7C325A0010A0000FE60 /* PreviewViewController.xib in Resources */ = {isa = PBXBuildFile; fileRef = C8F2D7C125A0010A0000FE60 /* PreviewViewController.xib */; };
		C8F2D7C825A0010A0000FE60 /* ApkQuickLook.appex in Embed App Extensions */ = {isa = PBXBuildFile; fileRef = C8F2D7BB25A0010A0000FE60 /* ApkQuickLook.appex */; settings = {ATTRIBUTES = (RemoveHeadersOnCopy, ); }; };
		C8F2D7D225A005560000FE60 /* ApkParser in Frameworks */ = {isa = PBXBuildFile; productRef = C8F2D7D125A005560000FE60 /* ApkParser */; };
/* End PBXBuildFile section */

/* Begin PBXContainerItemProxy section */
		C8F2D749259D5A6D0000FE60 /* PBXContainerItemProxy */ = {
			isa = PBXContainerItemProxy;
			containerPortal = C8F2D72B259D5A6A0000FE60 /* Project object */;
			proxyType = 1;
			remoteGlobalIDString = C8F2D732259D5A6A0000FE60;
			remoteInfo = ApkViewer;
		};
		C8F2D754259D5A6D0000FE60 /* PBXContainerItemProxy */ = {
			isa = PBXContainerItemProxy;
			containerPortal = C8F2D72B259D5A6A0000FE60 /* Project object */;
			proxyType = 1;
			remoteGlobalIDString = C8F2D732259D5A6A0000FE60;
			remoteInfo = ApkViewer;
		};
		C8F2D7C625A0010A0000FE60 /* PBXContainerItemProxy */ = {
			isa = PBXContainerItemProxy;
			containerPortal = C8F2D72B259D5A6A0000FE60 /* Project object */;
			proxyType = 1;
			remoteGlobalIDString = C8F2D7BA25A0010A0000FE60;
			remoteInfo = ApkQuickLook;
		};
/* End PBXContainerItemProxy section */

/* Begin PBXCopyFilesBuildPhase section */
		C8F2D7CC25A0010A0000FE60 /* Embed App Extensions */ = {
			isa = PBXCopyFilesBuildPhase;
			buildActionMask = 2147483647;
			dstPath = "";
			dstSubfolderSpec = 13;
			files = (
				C8F2D7C825A0010A0000FE60 /* ApkQuickLook.appex in Embed App Extensions */,
			);
			name = "Embed App Extensions";
			runOnlyForDeploymentPostprocessing = 0;
		};
/* End PBXCopyFilesBuildPhase section */

/* Begin PBXFileReference section */
		C8F2D733259D5A6A0000FE60 /* ApkViewer.app */ = {isa = PBXFileReference; explicitFileType = wrapper.application; includeInIndex = 0; path = ApkViewer.app; sourceTree = BUILT_PRODUCTS_DIR; };
		C8F2D736259D5A6A0000FE60 /* AppDelegate.swift */ = {isa = PBXFileReference; lastKnownFileType = sourcecode.swift; path = AppDelegate.swift; sourceTree = "<group>"; };
		C8F2D738259D5A6A0000FE60 /* ContentView.swift */ = {isa = PBXFileReference; lastKnownFileType = sourcecode.swift; path = ContentView.swift; sourceTree = "<group>"; };
		C8F2D73A259D5A6D0000FE60 /* Assets.xcassets */ = {isa = PBXFileReference; lastKnownFileType = folder.assetcatalog; path = Assets.xcassets; sourceTree = "<group>"; };
		C8F2D73D259D5A6D0000FE60 /* Preview Assets.xcassets */ = {isa = PBXFileReference; lastKnownFileType = folder.assetcatalog; path = "Preview Assets.xcassets"; sourceTree = "<group>"; };
		C8F2D740259D5A6D0000FE60 /* Base */ = {isa = PBXFileReference; lastKnownFileType = file.storyboard; name = Base; path = Base.lproj/Main.storyboard; sourceTree = "<group>"; };
		C8F2D742259D5A6D0000FE60 /* Info.plist */ = {isa = PBXFileReference; lastKnownFileType = text.plist.xml; path = Info.plist; sourceTree = "<group>"; };
		C8F2D743259D5A6D0000FE60 /* ApkViewer.entitlements */ = {isa = PBXFileReference; lastKnownFileType = text.plist.entitlements; path = ApkViewer.entitlements; sourceTree = "<group>"; };
		C8F2D748259D5A6D0000FE60 /* ApkViewerTests.xctest */ = {isa = PBXFileReference; explicitFileType = wrapper.cfbundle; includeInIndex = 0; path = ApkViewerTests.xctest; sourceTree = BUILT_PRODUCTS_DIR; };
		C8F2D74C259D5A6D0000FE60 /* ApkViewerTests.swift */ = {isa = PBXFileReference; lastKnownFileType = sourcecode.swift; path = ApkViewerTests.swift; sourceTree = "<group>"; };
		C8F2D74E259D5A6D0000FE60 /* Info.plist */ = {isa = PBXFileReference; lastKnownFileType = text.plist.xml; path = Info.plist; sourceTree = "<group>"; };
		C8F2D753259D5A6D0000FE60 /* ApkViewerUITests.xctest */ = {isa = PBXFileReference; explicitFileType = wrapper.cfbundle; includeInIndex = 0; path = ApkViewerUITests.xctest; sourceTree = BUILT_PRODUCTS_DIR; };
		C8F2D757259D5A6D0000FE60 /* ApkViewerUITests.swift */ = {isa = PBXFileReference; lastKnownFileType = sourcecode.swift; path = ApkViewerUITests.swift; sourceTree = "<group>"; };
		C8F2D759259D5A6D0000FE60 /* Info.plist */ = {isa = PBXFileReference; lastKnownFileType = text.plist.xml; path = Info.plist; sourceTree = "<group>"; };
		C8F2D7B325A0001B0000FE60 /* ApkParser */ = {isa = PBXFileReference; lastKnownFileType = folder; path = ApkParser; sourceTree = "<group>"; };
		C8F2D7BB25A0010A0000FE60 /* ApkQuickLook.appex */ = {isa = PBXFileReference; explicitFileType = "wrapper.app-extension"; includeInIndex = 0; path = ApkQuickLook.appex; sourceTree = BUILT_PRODUCTS_DIR; };
		C8F2D7BC25A0010A0000FE60 /* Quartz.framework */ = {isa = PBXFileReference; lastKnownFileType = wrapper.framework; name = Quartz.framework; path = System/Library/Frameworks/Quartz.framework; sourceTree = SDKROOT; };
		C8F2D7BF25A0010A0000FE60 /* PreviewViewController.swift */ = {isa = PBXFileReference; lastKnownFileType = sourcecode.swift; path = PreviewViewController.swift; sourceTree = "<group>"; };
		C8F2D7C225A0010A0000FE60 /* Base */ = {isa = PBXFileReference; lastKnownFileType = file.xib; name = Base; path = Base.lproj/PreviewViewController.xib; sourceTree = "<group>"; };
		C8F2D7C425A0010A0000FE60 /* Info.plist */ = {isa = PBXFileReference; lastKnownFileType = text.plist.xml; path = Info.plist; sourceTree = "<group>"; };
		C8F2D7C525A0010A0000FE60 /* ApkQuickLook.entitlements */ = {isa = PBXFileReference; lastKnownFileType = text.plist.entitlements; path = ApkQuickLook.entitlements; sourceTree = "<group>"; };
/* End PBXFileReference section */

/* Begin PBXFrameworksBuildPhase section */
		C8F2D730259D5A6A0000FE60 /* Frameworks */ = {
			isa = PBXFrameworksBuildPhase;
			buildActionMask = 2147483647;
			files = (
				C8F2D7A4259E3B8B0000FE60 /* ApkParser in Frameworks */,
			);
			runOnlyForDeploymentPostprocessing = 0;
		};
		C8F2D745259D5A6D0000FE60 /* Frameworks */ = {
			isa = PBXFrameworksBuildPhase;
			buildActionMask = 2147483647;
			files = (
			);
			runOnlyForDeploymentPostprocessing = 0;
		};
		C8F2D750259D5A6D0000FE60 /* Frameworks */ = {
			isa = PBXFrameworksBuildPhase;
			buildActionMask = 2147483647;
			files = (
			);
			runOnlyForDeploymentPostprocessing = 0;
		};
		C8F2D7B825A0010A0000FE60 /* Frameworks */ = {
			isa = PBXFrameworksBuildPhase;
			buildActionMask = 2147483647;
			files = (
				C8F2D7D225A005560000FE60 /* ApkParser in Frameworks */,
				C8F2D7BD25A0010A0000FE60 /* Quartz.framework in Frameworks */,
			);
			runOnlyForDeploymentPostprocessing = 0;
		};
/* End PBXFrameworksBuildPhase section */

/* Begin PBXGroup section */
		C8F2D72A259D5A6A0000FE60 = {
			isa = PBXGroup;
			children = (
				C8F2D7B325A0001B0000FE60 /* ApkParser */,
				C8F2D735259D5A6A0000FE60 /* ApkViewer */,
				C8F2D74B259D5A6D0000FE60 /* ApkViewerTests */,
				C8F2D756259D5A6D0000FE60 /* ApkViewerUITests */,
				C8F2D7BE25A0010A0000FE60 /* ApkQuickLook */,
				C8F2D734259D5A6A0000FE60 /* Products */,
				C8F2D7A2259E3B8B0000FE60 /* Frameworks */,
			);
			sourceTree = "<group>";
		};
		C8F2D734259D5A6A0000FE60 /* Products */ = {
			isa = PBXGroup;
			children = (
				C8F2D733259D5A6A0000FE60 /* ApkViewer.app */,
				C8F2D748259D5A6D0000FE60 /* ApkViewerTests.xctest */,
				C8F2D753259D5A6D0000FE60 /* ApkViewerUITests.xctest */,
				C8F2D7BB25A0010A0000FE60 /* ApkQuickLook.appex */,
			);
			name = Products;
			sourceTree = "<group>";
		};
		C8F2D735259D5A6A0000FE60 /* ApkViewer */ = {
			isa = PBXGroup;
			children = (
				C8F2D736259D5A6A0000FE60 /* AppDelegate.swift */,
				C8F2D738259D5A6A0000FE60 /* ContentView.swift */,
				C8F2D73A259D5A6D0000FE60 /* Assets.xcassets */,
				C8F2D73F259D5A6D0000FE60 /* Main.storyboard */,
				C8F2D742259D5A6D0000FE60 /* Info.plist */,
				C8F2D743259D5A6D0000FE60 /* ApkViewer.entitlements */,
				C8F2D73C259D5A6D0000FE60 /* Preview Content */,
			);
			path = ApkViewer;
			sourceTree = "<group>";
		};
		C8F2D73C259D5A6D0000FE60 /* Preview Content */ = {
			isa = PBXGroup;
			children = (
				C8F2D73D259D5A6D0000FE60 /* Preview Assets.xcassets */,
			);
			path = "Preview Content";
			sourceTree = "<group>";
		};
		C8F2D74B259D5A6D0000FE60 /* ApkViewerTests */ = {
			isa = PBXGroup;
			children = (
				C8F2D74C259D5A6D0000FE60 /* ApkViewerTests.swift */,
				C8F2D74E259D5A6D0000FE60 /* Info.plist */,
			);
			path = ApkViewerTests;
			sourceTree = "<group>";
		};
		C8F2D756259D5A6D0000FE60 /* ApkViewerUITests */ = {
			isa = PBXGroup;
			children = (
				C8F2D757259D5A6D0000FE60 /* ApkViewerUITests.swift */,
				C8F2D759259D5A6D0000FE60 /* Info.plist */,
			);
			path = ApkViewerUITests;
			sourceTree = "<group>";
		};
		C8F2D7A2259E3B8B0000FE60 /* Frameworks */ = {
			isa = PBXGroup;
			children = (
				C8F2D7BC25A0010A0000FE60 /* Quartz.framework */,
			);
			name = Frameworks;
			sourceTree = "<group>";
		};
		C8F2D7BE25A0010A0000FE60 /* ApkQuickLook */ = {
			isa = PBXGroup;
			children = (
				C8F2D7BF25A0010A0000FE60 /* PreviewViewController.swift */,
				C8F2D7C125A0010A0000FE60 /* PreviewViewController.xib */,
				C8F2D7C425A0010A0000FE60 /* Info.plist */,
				C8F2D7C525A0010A0000FE60 /* ApkQuickLook.entitlements */,
			);
			path = ApkQuickLook;
			sourceTree = "<group>";
		};
/* End PBXGroup section */

/* Begin PBXNativeTarget section */
		C8F2D732259D5A6A0000FE60 /* ApkViewer */ = {
			isa = PBXNativeTarget;
			buildConfigurationList = C8F2D75C259D5A6D0000FE60 /* Build configuration list for PBXNativeTarget "ApkViewer" */;
			buildPhases = (
				C8F2D72F259D5A6A0000FE60 /* Sources */,
				C8F2D730259D5A6A0000FE60 /* Frameworks */,
				C8F2D731259D5A6A0000FE60 /* Resources */,
				C8F2D7CC25A0010A0000FE60 /* Embed App Extensions */,
			);
			buildRules = (
			);
			dependencies = (
				C8F2D7C725A0010A0000FE60 /* PBXTargetDependency */,
			);
			name = ApkViewer;
			packageProductDependencies = (
				C8F2D7A3259E3B8B0000FE60 /* ApkParser */,
			);
			productName = ApkViewer;
			productReference = C8F2D733259D5A6A0000FE60 /* ApkViewer.app */;
			productType = "com.apple.product-type.application";
		};
		C8F2D747259D5A6D0000FE60 /* ApkViewerTests */ = {
			isa = PBXNativeTarget;
			buildConfigurationList = C8F2D75F259D5A6D0000FE60 /* Build configuration list for PBXNativeTarget "ApkViewerTests" */;
			buildPhases = (
				C8F2D744259D5A6D0000FE60 /* Sources */,
				C8F2D745259D5A6D0000FE60 /* Frameworks */,
				C8F2D746259D5A6D0000FE60 /* Resources */,
			);
			buildRules = (
			);
			dependencies = (
				C8F2D74A259D5A6D0000FE60 /* PBXTargetDependency */,
			);
			name = ApkViewerTests;
			productName = ApkViewerTests;
			productReference = C8F2D748259D5A6D0000FE60 /* ApkViewerTests.xctest */;
			productType = "com.apple.product-type.bundle.unit-test";
		};
		C8F2D752259D5A6D0000FE60 /* ApkViewerUITests */ = {
			isa = PBXNativeTarget;
			buildConfigurationList = C8F2D762259D5A6D0000FE60 /* Build configuration list for PBXNativeTarget "ApkViewerUITests" */;
			buildPhases = (
				C8F2D74F259D5A6D0000FE60 /* Sources */,
				C8F2D750259D5A6D0000FE60 /* Frameworks */,
				C8F2D751259D5A6D0000FE60 /* Resources */,
			);
			buildRules = (
			);
			dependencies = (
				C8F2D755259D5A6D0000FE60 /* PBXTargetDependency */,
			);
			name = ApkViewerUITests;
			productName = ApkViewerUITests;
			productReference = C8F2D753259D5A6D0000FE60 /* ApkViewerUITests.xctest */;
			productType = "com.apple.product-type.bundle.ui-testing";
		};
		C8F2D7BA25A0010A0000FE60 /* ApkQuickLook */ = {
			isa = PBXNativeTarget;
			buildConfigurationList = C8F2D7C925A0010A0000FE60 /* Build configuration list for PBXNativeTarget "ApkQuickLook" */;
			buildPhases = (
				C8F2D7B725A0010A0000FE60 /* Sources */,
				C8F2D7B825A0010A0000FE60 /* Frameworks */,
				C8F2D7B925A0010A0000FE60 /* Resources */,
			);
			buildRules = (
			);
			dependencies = (
			);
			name = ApkQuickLook;
			packageProductDependencies = (
				C8F2D7D125A005560000FE60 /* ApkParser */,
			);
			productName = ApkQuickLook;
			productReference = C8F2D7BB25A0010A0000FE60 /* ApkQuickLook.appex */;
			productType = "com.apple.product-type.app-extension";
		};
/* End PBXNativeTarget section */

/* Begin PBXProject section */
		C8F2D72B259D5A6A0000FE60 /* Project object */ = {
			isa = PBXProject;
			attributes = {
				LastSwiftUpdateCheck = 1230;
				LastUpgradeCheck = 1230;
				TargetAttributes = {
					C8F2D732259D5A6A0000FE60 = {
						CreatedOnToolsVersion = 12.3;
					};
					C8F2D747259D5A6D0000FE60 = {
						CreatedOnToolsVersion = 12.3;
						TestTargetID = C8F2D732259D5A6A0000FE60;
					};
					C8F2D752259D5A6D0000FE60 = {
						CreatedOnToolsVersion = 12.3;
						TestTargetID = C8F2D732259D5A6A0000FE60;
					};
					C8F2D7BA25A0010A0000FE60 = {
						CreatedOnToolsVersion = 12.3;
					};
				};
			};
			buildConfigurationList = C8F2D72E259D5A6A0000FE60 /* Build configuration list for PBXProject "ApkViewer" */;
			compatibilityVersion = "Xcode 9.3";
			developmentRegion = en;
			hasScannedForEncodings = 0;
			knownRegions = (
				en,
				Base,
			);
			mainGroup = C8F2D72A259D5A6A0000FE60;
			productRefGroup = C8F2D734259D5A6A0000FE60 /* Products */;
			projectDirPath = "";
			projectRoot = "";
			targets = (
				C8F2D732259D5A6A0000FE60 /* ApkViewer */,
				C8F2D747259D5A6D0000FE60 /* ApkViewerTests */,
				C8F2D752259D5A6D0000FE60 /* ApkViewerUITests */,
				C8F2D7BA25A0010A0000FE60 /* ApkQuickLook */,
			);
		};
/* End PBXProject section */

/* Begin PBXResourcesBuildPhase section */
		C8F2D731259D5A6A0000FE60 /* Resources */ = {
			isa = PBXResourcesBuildPhase;
			buildActionMask = 2147483647;
			files = (
				C8F2D741259D5A6D0000FE60 /* Main.storyboard in Resources */,
				C8F2D73E259D5A6D0000FE60 /* Preview Assets.xcassets in Resources */,
				C8F2D73B259D5A6D0000FE60 /* Assets.xcassets in Resources */,
			);
			runOnlyForDeploymentPostprocessing = 0;
		};
		C8F2D746259D5A6D0000FE60 /* Resources */ = {
			isa = PBXResourcesBuildPhase;
			buildActionMask = 2147483647;
			files = (
			);
			runOnlyForDeploymentPostprocessing = 0;
		};
		C8F2D751259D5A6D0000FE60 /* Resources */ = {
			isa = PBXResourcesBuildPhase;
			buildActionMask = 2147483647;
			files = (
			);
			runOnlyForDeploymentPostprocessing = 0;
		};
		C8F2D7B925A0010A0000FE60 /* Resources */ = {
			isa = PBXResourcesBuildPhase;
			buildActionMask = 2147483647;
			files = (
				C8F2D7C325A0010A0000FE60 /* PreviewViewController.xib in Resources */,
			);
			runOnlyForDeploymentPostprocessing = 0;
		};
/* End PBXResourcesBuildPhase section */

/* Begin PBXSourcesBuildPhase section */
		C8F2D72F259D5A6A0000FE60 /* Sources */ = {
			isa = PBXSourcesBuildPhase;
			buildActionMask = 2147483647;
			files = (
				C8F2D739259D5A6A0000FE60 /* ContentView.swift in Sources */,
				C8F2D737259D5A6A0000FE60 /* AppDelegate.swift in Sources */,
			);
			runOnlyForDeploymentPostprocessing = 0;
		};
		C8F2D744259D5A6D0000FE60 /* Sources */ = {
			isa = PBXSourcesBuildPhase;
			buildActionMask = 2147483647;
			files = (
				C8F2D74D259D5A6D0000FE60 /* ApkViewerTests.swift in Sources */,
			);
			runOnlyForDeploymentPostprocessing = 0;
		};
		C8F2D74F259D5A6D0000FE60 /* Sources */ = {
			isa = PBXSourcesBuildPhase;
			buildActionMask = 2147483647;
			files = (
				C8F2D758259D5A6D0000FE60 /* ApkViewerUITests.swift in Sources */,
			);
			runOnlyForDeploymentPostprocessing = 0;
		};
		C8F2D7B725A0010A0000FE60 /* Sources */ = {
			isa = PBXSourcesBuildPhase;
			buildActionMask = 2147483647;
			files = (
				C8F2D7C025A0010A0000FE60 /* PreviewViewController.swift in Sources */,
			);
			runOnlyForDeploymentPostprocessing = 0;
		};
/* End PBXSourcesBuildPhase section */

/* Begin PBXTargetDependency section */
		C8F2D74A259D5A6D0000FE60 /* PBXTargetDependency */ = {
			isa = PBXTargetDependency;
			target = C8F2D732259D5A6A0000FE60 /* ApkViewer */;
			targetProxy = C8F2D749259D5A6D0000FE60 /* PBXContainerItemProxy */;
		};
		C8F2D755259D5A6D0000FE60 /* PBXTargetDependency */ = {
			isa = PBXTargetDependency;
			target = C8F2D732259D5A6A0000FE60 /* ApkViewer */;
			targetProxy = C8F2D754259D5A6D0000FE60 /* PBXContainerItemProxy */;
		};
		C8F2D7C725A0010A0000FE60 /* PBXTargetDependency */ = {
			isa = PBXTargetDependency;
			target = C8F2D7BA25A0010A0000FE60 /* ApkQuickLook */;
			targetProxy = C8F2D7C625A0010A0000FE60 /* PBXContainerItemProxy */;
		};
/* End PBXTargetDependency section */

/* Begin PBXVariantGroup section */
		C8F2D73F259D5A6D0000FE60 /* Main.storyboard */ = {
			isa = PBXVariantGroup;
			children = (
				C8F2D740259D5A6D0000FE60 /* Base */,
			);
			name = Main.storyboard;
			sourceTree = "<group>";
		};
		C8F2D7C125A0010A0000FE60 /* PreviewViewController.xib */ = {
			isa = PBXVariantGroup;
			children = (
				C8F2D7C225A0010A0000FE60 /* Base */,
			);
			name = PreviewViewController.xib;
			sourceTree = "<group>";
		};
/* End PBXVariantGroup section */

/* Begin XCBuildConfiguration section */
		C8F2D75A259D5A6D0000FE60 /* Debug */ = {
			isa = XCBuildConfiguration;
			buildSettings = {
				ALWAYS_SEARCH_USER_PATHS = NO;
				CLANG_ANALYZER_NONNULL = YES;
				CLANG_ANALYZER_NUMBER_OBJECT_CONVERSION = YES_AGGRESSIVE;
				CLANG_CXX_LANGUAGE_STANDARD = "gnu++14";
				CLANG_CXX_LIBRARY = "libc++";
				CLANG_ENABLE_MODULES = YES;
				CLANG_ENABLE_OBJC_ARC = YES;
				CLANG_ENABLE_OBJC_WEAK = YES;
				CLANG_WARN_BLOCK_CAPTURE_AUTORELEASING = YES;
				CLANG_WARN_BOOL_CONVERSION = YES;
				CLANG_WARN_COMMA = YES;
				CLANG_WARN_CONSTANT_CONVERSION = YES;
				CLANG_WARN_DEPRECATED_OBJC_IMPLEMENTATIONS = YES;
				CLANG_WARN_DIRECT_OBJC_ISA_USAGE = YES_ERROR;
				CLANG_WARN_DOCUMENTATION_COMMENTS = YES;
				CLANG_WARN_EMPTY_BODY = YES;
				CLANG_WARN_ENUM_CONVERSION = YES;
				CLANG_WARN_INFINITE_RECURSION = YES;
				CLANG_WARN_INT_CONVERSION = YES;
				CLANG_WARN_NON_LITERAL_NULL_CONVERSION = YES;
				CLANG_WARN_OBJC_IMPLICIT_RETAIN_SELF = YES;
				CLANG_WARN_OBJC_LITERAL_CONVERSION = YES;
				CLANG_WARN_OBJC_ROOT_CLASS = YES_ERROR;
				CLANG_WARN_QUOTED_INCLUDE_IN_FRAMEWORK_HEADER = YES;
				CLANG_WARN_RANGE_LOOP_ANALYSIS = YES;
				CLANG_WARN_STRICT_PROTOTYPES = YES;
				CLANG_WARN_SUSPICIOUS_MOVE = YES;
				CLANG_WARN_UNGUARDED_AVAILABILITY = YES_AGGRESSIVE;
				CLANG_WARN_UNREACHABLE_CODE = YES;
				CLANG_WARN__DUPLICATE_METHOD_MATCH = YES;
				COPY_PHASE_STRIP = NO;
				DEBUG_INFORMATION_FORMAT = dwarf;
				ENABLE_STRICT_OBJC_MSGSEND = YES;
				ENABLE_TESTABILITY = YES;
				GCC_C_LANGUAGE_STANDARD = gnu11;
				GCC_DYNAMIC_NO_PIC = NO;
				GCC_NO_COMMON_BLOCKS = YES;
				GCC_OPTIMIZATION_LEVEL = 0;
				GCC_PREPROCESSOR_DEFINITIONS = (
					"DEBUG=1",
					"$(inherited)",
				);
				GCC_WARN_64_TO_32_BIT_CONVERSION = YES;
				GCC_WARN_ABOUT_RETURN_TYPE = YES_ERROR;
				GCC_WARN_UNDECLARED_SELECTOR = YES;
				GCC_WARN_UNINITIALIZED_AUTOS = YES_AGGRESSIVE;
				GCC_WARN_UNUSED_FUNCTION = YES;
				GCC_WARN_UNUSED_VARIABLE = YES;
				MACOSX_DEPLOYMENT_TARGET = 10.15;
				MTL_ENABLE_DEBUG_INFO = INCLUDE_SOURCE;
				MTL_FAST_MATH = YES;
				ONLY_ACTIVE_ARCH = YES;
				SDKROOT = macosx;
				SWIFT_ACTIVE_COMPILATION_CONDITIONS = DEBUG;
				SWIFT_OPTIMIZATION_LEVEL = "-Onone";
			};
			name = Debug;
		};
		C8F2D75B259D5A6D0000FE60 /* Release */ = {
			isa = XCBuildConfiguration;
			buildSettings = {
				ALWAYS_SEARCH_USER_PATHS = NO;
				CLANG_ANALYZER_NONNULL = YES;
				CLANG_ANALYZER_NUMBER_OBJECT_CONVERSION = YES_AGGRESSIVE;
				CLANG_CXX_LANGUAGE_STANDARD = "gnu++14";
				CLANG_CXX_LIBRARY = "libc++";
				CLANG_ENABLE_MODULES = YES;
				CLANG_ENABLE_OBJC_ARC = YES;
				CLANG_ENABLE_OBJC_WEAK = YES;
				CLANG_WARN_BLOCK_CAPTURE_AUTORELEASING = YES;
				CLANG_WARN_BOOL_CONVERSION = YES;
				CLANG_WARN_COMMA = YES;
				CLANG_WARN_CONSTANT_CONVERSION = YES;
				CLANG_WARN_DEPRECATED_OBJC_IMPLEMENTATIONS = YES;
				CLANG_WARN_DIRECT_OBJC_ISA_USAGE = YES_ERROR;
				CLANG_WARN_DOCUMENTATION_COMMENTS = YES;
				CLANG_WARN_EMPTY_BODY = YES;
				CLANG_WARN_ENUM_CONVERSION = YES;
				CLANG_WARN_INFINITE_RECURSION = YES;
				CLANG_WARN_INT_CONVERSION = YES;
				CLANG_WARN_NON_LITERAL_NULL_CONVERSION = YES;
				CLANG_WARN_OBJC_IMPLICIT_RETAIN_SELF = YES;
				CLANG_WARN_OBJC_LITERAL_CONVERSION = YES;
				CLANG_WARN_OBJC_ROOT_CLASS = YES_ERROR;
				CLANG_WARN_QUOTED_INCLUDE_IN_FRAMEWORK_HEADER = YES;
				CLANG_WARN_RANGE_LOOP_ANALYSIS = YES;
				CLANG_WARN_STRICT_PROTOTYPES = YES;
				CLANG_WARN_SUSPICIOUS_MOVE = YES;
				CLANG_WARN_UNGUARDED_AVAILABILITY = YES_AGGRESSIVE;
				CLANG_WARN_UNREACHABLE_CODE = YES;
				CLANG_WARN__DUPLICATE_METHOD_MATCH = YES;
				COPY_PHASE_STRIP = NO;
				DEBUG_INFORMATION_FORMAT = "dwarf-with-dsym";
				ENABLE_NS_ASSERTIONS = NO;
				ENABLE_STRICT_OBJC_MSGSEND = YES;
				GCC_C_LANGUAGE_STANDARD = gnu11;
				GCC_NO_COMMON_BLOCKS = YES;
				GCC_WARN_64_TO_32_BIT_CONVERSION = YES;
				GCC_WARN_ABOUT_RETURN_TYPE = YES_ERROR;
				GCC_WARN_UNDECLARED_SELECTOR = YES;
				GCC_WARN_UNINITIALIZED_AUTOS = YES_AGGRESSIVE;
				GCC_WARN_UNUSED_FUNCTION = YES;
				GCC_WARN_UNUSED_VARIABLE = YES;
				MACOSX_DEPLOYMENT_TARGET = 10.15;
				MTL_ENABLE_DEBUG_INFO = NO;
				MTL_FAST_MATH = YES;
				SDKROOT = macosx;
				SWIFT_COMPILATION_MODE = wholemodule;
				SWIFT_OPTIMIZATION_LEVEL = "-O";
			};
			name = Release;
		};
		C8F2D75D259D5A6D0000FE60 /* Debug */ = {
			isa = XCBuildConfiguration;
			buildSettings = {
				ALWAYS_EMBED_SWIFT_STANDARD_LIBRARIES = YES;
				ASSETCATALOG_COMPILER_APPICON_NAME = AppIcon;
				ASSETCATALOG_COMPILER_GLOBAL_ACCENT_COLOR_NAME = AccentColor;
				CODE_SIGN_ENTITLEMENTS = ApkViewer/ApkViewer.entitlements;
				CODE_SIGN_STYLE = Automatic;
				COMBINE_HIDPI_IMAGES = YES;
				DEVELOPMENT_ASSET_PATHS = "\"ApkViewer/Preview Content\"";
				DEVELOPMENT_TEAM = W92WCL9AC3;
				ENABLE_HARDENED_RUNTIME = YES;
				ENABLE_PREVIEWS = YES;
				INFOPLIST_FILE = ApkViewer/Info.plist;
				LD_RUNPATH_SEARCH_PATHS = (
					"$(inherited)",
					"@executable_path/../Frameworks",
				);
				MACOSX_DEPLOYMENT_TARGET = 10.15;
				PRODUCT_BUNDLE_IDENTIFIER = com.enriquegh.ApkViewer;
				PRODUCT_NAME = "$(TARGET_NAME)";
				SWIFT_VERSION = 5.0;
			};
			name = Debug;
		};
		C8F2D75E259D5A6D0000FE60 /* Release */ = {
			isa = XCBuildConfiguration;
			buildSettings = {
				ALWAYS_EMBED_SWIFT_STANDARD_LIBRARIES = YES;
				ASSETCATALOG_COMPILER_APPICON_NAME = AppIcon;
				ASSETCATALOG_COMPILER_GLOBAL_ACCENT_COLOR_NAME = AccentColor;
				CODE_SIGN_ENTITLEMENTS = ApkViewer/ApkViewer.entitlements;
				CODE_SIGN_STYLE = Automatic;
				COMBINE_HIDPI_IMAGES = YES;
				DEVELOPMENT_ASSET_PATHS = "\"ApkViewer/Preview Content\"";
				DEVELOPMENT_TEAM = W92WCL9AC3;
				ENABLE_HARDENED_RUNTIME = YES;
				ENABLE_PREVIEWS = YES;
				INFOPLIST_FILE = ApkViewer/Info.plist;
				LD_RUNPATH_SEARCH_PATHS = (
					"$(inherited)",
					"@executable_path/../Frameworks",
				);
				MACOSX_DEPLOYMENT_TARGET = 10.15;
				PRODUCT_BUNDLE_IDENTIFIER = com.enriquegh.ApkViewer;
				PRODUCT_NAME = "$(TARGET_NAME)";
				SWIFT_VERSION = 5.0;
			};
			name = Release;
		};
		C8F2D760259D5A6D0000FE60 /* Debug */ = {
			isa = XCBuildConfiguration;
			buildSettings = {
				ALWAYS_EMBED_SWIFT_STANDARD_LIBRARIES = YES;
				BUNDLE_LOADER = "$(TEST_HOST)";
				CODE_SIGN_STYLE = Automatic;
				COMBINE_HIDPI_IMAGES = YES;
				DEVELOPMENT_TEAM = W92WCL9AC3;
				INFOPLIST_FILE = ApkViewerTests/Info.plist;
				LD_RUNPATH_SEARCH_PATHS = (
					"$(inherited)",
					"@executable_path/../Frameworks",
					"@loader_path/../Frameworks",
				);
				MACOSX_DEPLOYMENT_TARGET = 10.15;
				PRODUCT_BUNDLE_IDENTIFIER = com.enriquegh.ApkViewerTests;
				PRODUCT_NAME = "$(TARGET_NAME)";
				SWIFT_VERSION = 5.0;
				TEST_HOST = "$(BUILT_PRODUCTS_DIR)/ApkViewer.app/Contents/MacOS/ApkViewer";
			};
			name = Debug;
		};
		C8F2D761259D5A6D0000FE60 /* Release */ = {
			isa = XCBuildConfiguration;
			buildSettings = {
				ALWAYS_EMBED_SWIFT_STANDARD_LIBRARIES = YES;
				BUNDLE_LOADER = "$(TEST_HOST)";
				CODE_SIGN_STYLE = Automatic;
				COMBINE_HIDPI_IMAGES = YES;
				DEVELOPMENT_TEAM = W92WCL9AC3;
				INFOPLIST_FILE = ApkViewerTests/Info.plist;
				LD_RUNPATH_SEARCH_PATHS = (
					"$(inherited)",
					"@executable_path/../Frameworks",
					"@loader_path/../Frameworks",
				);
				MACOSX_DEPLOYMENT_TARGET = 10.15;
				PRODUCT_BUNDLE_IDENTIFIER = com.enriquegh.ApkViewerTests;
				PRODUCT_NAME = "$(TARGET_NAME)";
				SWIFT_VERSION = 5.0;
				TEST_HOST = "$(BUILT_PRODUCTS_DIR)/ApkViewer.app/Contents/MacOS/ApkViewer";
			};
			name = Release;
		};
		C8F2D763259D5A6D0000FE60 /* Debug */ = {
			isa = XCBuildConfiguration;
			buildSettings = {
				ALWAYS_EMBED_SWIFT_STANDARD_LIBRARIES = YES;
				CODE_SIGN_STYLE = Automatic;
				COMBINE_HIDPI_IMAGES = YES;
				DEVELOPMENT_TEAM = W92WCL9AC3;
				INFOPLIST_FILE = ApkViewerUITests/Info.plist;
				LD_RUNPATH_SEARCH_PATHS = (
					"$(inherited)",
					"@executable_path/../Frameworks",
					"@loader_path/../Frameworks",
				);
				PRODUCT_BUNDLE_IDENTIFIER = com.enriquegh.ApkViewerUITests;
				PRODUCT_NAME = "$(TARGET_NAME)";
				SWIFT_VERSION = 5.0;
				TEST_TARGET_NAME = ApkViewer;
			};
			name = Debug;
		};
		C8F2D764259D5A6D0000FE60 /* Release */ = {
			isa = XCBuildConfiguration;
			buildSettings = {
				ALWAYS_EMBED_SWIFT_STANDARD_LIBRARIES = YES;
				CODE_SIGN_STYLE = Automatic;
				COMBINE_HIDPI_IMAGES = YES;
				DEVELOPMENT_TEAM = W92WCL9AC3;
				INFOPLIST_FILE = ApkViewerUITests/Info.plist;
				LD_RUNPATH_SEARCH_PATHS = (
					"$(inherited)",
					"@executable_path/../Frameworks",
					"@loader_path/../Frameworks",
				);
				PRODUCT_BUNDLE_IDENTIFIER = com.enriquegh.ApkViewerUITests;
				PRODUCT_NAME = "$(TARGET_NAME)";
				SWIFT_VERSION = 5.0;
				TEST_TARGET_NAME = ApkViewer;
			};
			name = Release;
		};
		C8F2D7CA25A0010A0000FE60 /* Debug */ = {
			isa = XCBuildConfiguration;
			buildSettings = {
				CODE_SIGN_ENTITLEMENTS = ApkQuickLook/ApkQuickLook.entitlements;
				CODE_SIGN_STYLE = Automatic;
				DEVELOPMENT_TEAM = W92WCL9AC3;
				ENABLE_HARDENED_RUNTIME = YES;
				INFOPLIST_FILE = ApkQuickLook/Info.plist;
				LD_RUNPATH_SEARCH_PATHS = (
					"$(inherited)",
					"@executable_path/../Frameworks",
					"@executable_path/../../../../Frameworks",
				);
				PRODUCT_BUNDLE_IDENTIFIER = com.enriquegh.ApkViewer.ApkQuickLook;
				PRODUCT_NAME = "$(TARGET_NAME)";
				SKIP_INSTALL = YES;
				SWIFT_VERSION = 5.0;
			};
			name = Debug;
		};
		C8F2D7CB25A0010A0000FE60 /* Release */ = {
			isa = XCBuildConfiguration;
			buildSettings = {
				CODE_SIGN_ENTITLEMENTS = ApkQuickLook/ApkQuickLook.entitlements;
				CODE_SIGN_STYLE = Automatic;
				DEVELOPMENT_TEAM = W92WCL9AC3;
				ENABLE_HARDENED_RUNTIME = YES;
				INFOPLIST_FILE = ApkQuickLook/Info.plist;
				LD_RUNPATH_SEARCH_PATHS = (
					"$(inherited)",
					"@executable_path/../Frameworks",
					"@executable_path/../../../../Frameworks",
				);
				PRODUCT_BUNDLE_IDENTIFIER = com.enriquegh.ApkViewer.ApkQuickLook;
				PRODUCT_NAME = "$(TARGET_NAME)";
				SKIP_INSTALL = YES;
				SWIFT_VERSION = 5.0;
			};
			name = Release;
		};
/* End XCBuildConfiguration section */

/* Begin XCConfigurationList section */
		C8F2D72E259D5A6A0000FE60 /* Build configuration list for PBXProject "ApkViewer" */ = {
			isa = XCConfigurationList;
			buildConfigurations = (
				C8F2D75A259D5A6D0000FE60 /* Debug */,
				C8F2D75B259D5A6D0000FE60 /* Release */,
			);
			defaultConfigurationIsVisible = 0;
			defaultConfigurationName = Release;
		};
		C8F2D75C259D5A6D0000FE60 /* Build configuration list for PBXNativeTarget "ApkViewer" */ = {
			isa = XCConfigurationList;
			buildConfigurations = (
				C8F2D75D259D5A6D0000FE60 /* Debug */,
				C8F2D75E259D5A6D0000FE60 /* Release */,
			);
			defaultConfigurationIsVisible = 0;
			defaultConfigurationName = Release;
		};
		C8F2D75F259D5A6D0000FE60 /* Build configuration list for PBXNativeTarget "ApkViewerTests" */ = {
			isa = XCConfigurationList;
			buildConfigurations = (
				C8F2D760259D5A6D0000FE60 /* Debug */,
				C8F2D761259D5A6D0000FE60 /* Release */,
			);
			defaultConfigurationIsVisible = 0;
			defaultConfigurationName = Release;
		};
		C8F2D762259D5A6D0000FE60 /* Build configuration list for PBXNativeTarget "ApkViewerUITests" */ = {
			isa = XCConfigurationList;
			buildConfigurations = (
				C8F2D763259D5A6D0000FE60 /* Debug */,
				C8F2D764259D5A6D0000FE60 /* Release */,
			);
			defaultConfigurationIsVisible = 0;
			defaultConfigurationName = Release;
		};
		C8F2D7C925A0010A0000FE60 /* Build configuration list for PBXNativeTarget "ApkQuickLook" */ = {
			isa = XCConfigurationList;
			buildConfigurations = (
				C8F2D7CA25A0010A0000FE60 /* Debug */,
				C8F2D7CB25A0010A0000FE60 /* Release */,
			);
			defaultConfigurationIsVisible = 0;
			defaultConfigurationName = Release;
		};
/* End XCConfigurationList section */

/* Begin XCSwiftPackageProductDependency section */
		C8F2D7A3259E3B8B0000FE60 /* ApkParser */ = {
			isa = XCSwiftPackageProductDependency;
			productName = ApkParser;
		};
		C8F2D7D125A005560000FE60 /* ApkParser */ = {
			isa = XCSwiftPackageProductDependency;
			productName = ApkParser;
		};
/* End XCSwiftPackageProductDependency section */
	};
	rootObject = C8F2D72B259D5A6A0000FE60 /* Project object */;
}
